{
  "name": "tamil_english_translation",
  "lockfileVersion": 3,
  "requires": true,
  "packages": {
    "": {
      "dependencies": {
        "google-translate-api-browser": "^4.2.7",
        "jpickle": "^0.4.1"
      }
    },
    "node_modules/google-translate-api-browser": {
      "version": "4.2.7",
      "resolved": "https://registry.npmjs.org/google-translate-api-browser/-/google-translate-api-browser-4.2.7.tgz",
      "integrity": "sha512-4FG2YBXMFYbuPHT03zvL5/A6UnPRrsdb0fMy0tPZaijMMHVPciFlgfd+dTtXr3nNtc1Baybo0m9eSYhqKnVyDg=="
    },
    "node_modules/jpickle": {
      "version": "0.4.1",
      "resolved": "https://registry.npmjs.org/jpickle/-/jpickle-0.4.1.tgz",
      "integrity": "sha512-XHSTQUtl/Yv2cNzeQ7NKFuK0Z3d1iqQC2iEwV0cu3/dG6PV3DgACEQ3wGagHRDV6MKzypPWwHVSDY8kBWkbfTA==",
      "engines": {
        "node": "*"
      }
    }
  }
}
